Microsoft Visual Studio Solution File, Format Version 7.00
Project("{8BC9CEB8-8B4A-11D0-8D11-00A0C91BC942}") = "ODE", "ODE.vcproj", "{63DF32FA-1D75-4311-9F28-3E5A8A0E3773}"
EndProject
Global
	GlobalSection(SolutionConfiguration) = preSolution
		ConfigName.0 = Debug
		ConfigName.1 = Release
	EndGlobalSection
	GlobalSection(ProjectDependencies) = postSolution
	EndGlobalSection
	GlobalSection(ProjectConfiguration) = postSolution
		{63DF32FA-1D75-4311-9F28-3E5A8A0E3773}.Debug.ActiveCfg = Debug|Win32
		{63DF32FA-1D75-4311-9F28-3E5A8A0E3773}.Debug.Build.0 = Debug|Win32
		{63DF32FA-1D75-4311-9F28-3E5A8A0E3773}.Release.ActiveCfg = Release|Win32
		{63DF32FA-1D75-4311-9F28-3E5A8A0E3773}.Release.Build.0 = Release|Win32
	EndGlobalSection
	GlobalSection(ExtensibilityGlobals) = postSolution
	EndGlobalSection
	GlobalSection(ExtensibilityAddIns) = postSolution
	EndGlobalSection
EndGlobal
